
Microsoft Visual Studio Solution File, Format Version 12.00
# Visual Studio 15
VisualStudioVersion = 15.0.27004.2008
MinimumVisualStudioVersion = 10.0.40219.1
Project("{00D1A9C2-B5F0-4AF3-8072-F6C62B433612}") = "Ciemesus.Database", "Ciemesus.Database\Ciemesus.Database.sqlproj", "{9C443177-E01A-4545-9AC7-A27477AC80A3}"
EndProject
Project("{9A19103F-16F7-4668-BE54-9A1E7A4F7556}") = "Ciemesus.Api", "Ciemesus.Api\Ciemesus.Api.csproj", "{D8B2B567-5D8F-4CB3-A8E2-CCC4EFC90AE7}"
EndProject
Project("{FAE04EC0-301F-11D3-BF4B-00C04F79EFBC}") = "Ciemesus.Core", "Ciemesus.Core\Ciemesus.Core.csproj", "{DD4B3D05-BBF1-48DC-A0BB-BAEF056E1B38}"
EndProject
Project("{9A19103F-16F7-4668-BE54-9A1E7A4F7556}") = "Ciemesus.Authentication", "Ciemesus.Authentication\Ciemesus.Authentication.csproj", "{AFBCFD1B-75F2-415A-9CE7-923B361C793F}"
EndProject
Global
	GlobalSection(SolutionConfigurationPlatforms) = preSolution
		Debug|Any CPU = Debug|Any CPU
		Release|Any CPU = Release|Any CPU
	EndGlobalSection
	GlobalSection(ProjectConfigurationPlatforms) = postSolution
		{9C443177-E01A-4545-9AC7-A27477AC80A3}.Debug|Any CPU.ActiveCfg = Debug|Any CPU
		{9C443177-E01A-4545-9AC7-A27477AC80A3}.Debug|Any CPU.Build.0 = Debug|Any CPU
		{9C443177-E01A-4545-9AC7-A27477AC80A3}.Debug|Any CPU.Deploy.0 = Debug|Any CPU
		{9C443177-E01A-4545-9AC7-A27477AC80A3}.Release|Any CPU.ActiveCfg = Release|Any CPU
		{9C443177-E01A-4545-9AC7-A27477AC80A3}.Release|Any CPU.Build.0 = Release|Any CPU
		{9C443177-E01A-4545-9AC7-A27477AC80A3}.Release|Any CPU.Deploy.0 = Release|Any CPU
		{D8B2B567-5D8F-4CB3-A8E2-CCC4EFC90AE7}.Debug|Any CPU.ActiveCfg = Debug|Any CPU
		{D8B2B567-5D8F-4CB3-A8E2-CCC4EFC90AE7}.Debug|Any CPU.Build.0 = Debug|Any CPU
		{D8B2B567-5D8F-4CB3-A8E2-CCC4EFC90AE7}.Release|Any CPU.ActiveCfg = Release|Any CPU
		{D8B2B567-5D8F-4CB3-A8E2-CCC4EFC90AE7}.Release|Any CPU.Build.0 = Release|Any CPU
		{DD4B3D05-BBF1-48DC-A0BB-BAEF056E1B38}.Debug|Any CPU.ActiveCfg = Debug|Any CPU
		{DD4B3D05-BBF1-48DC-A0BB-BAEF056E1B38}.Debug|Any CPU.Build.0 = Debug|Any CPU
		{DD4B3D05-BBF1-48DC-A0BB-BAEF056E1B38}.Release|Any CPU.ActiveCfg = Release|Any CPU
		{DD4B3D05-BBF1-48DC-A0BB-BAEF056E1B38}.Release|Any CPU.Build.0 = Release|Any CPU
		{AFBCFD1B-75F2-415A-9CE7-923B361C793F}.Debug|Any CPU.ActiveCfg = Debug|Any CPU
		{AFBCFD1B-75F2-415A-9CE7-923B361C793F}.Debug|Any CPU.Build.0 = Debug|Any CPU
		{AFBCFD1B-75F2-415A-9CE7-923B361C793F}.Release|Any CPU.ActiveCfg = Release|Any CPU
		{AFBCFD1B-75F2-415A-9CE7-923B361C793F}.Release|Any CPU.Build.0 = Release|Any CPU
		{05E45BC3-BB60-451B-9FCB-03766295B60A}.Debug|Any CPU.ActiveCfg = Debug|Any CPU
		{05E45BC3-BB60-451B-9FCB-03766295B60A}.Debug|Any CPU.Build.0 = Debug|Any CPU
		{05E45BC3-BB60-451B-9FCB-03766295B60A}.Release|Any CPU.ActiveCfg = Release|Any CPU
		{05E45BC3-BB60-451B-9FCB-03766295B60A}.Release|Any CPU.Build.0 = Release|Any CPU
	EndGlobalSection
	GlobalSection(SolutionProperties) = preSolution
		HideSolutionNode = FALSE
	EndGlobalSection
	GlobalSection(ExtensibilityGlobals) = postSolution
		SolutionGuid = {82A00CA7-7137-4E8A-96B1-6997F7639EC1}
	EndGlobalSection
EndGlobal
