
Microsoft Visual Studio Solution File, Format Version 12.00
# Visual Studio Version 16
VisualStudioVersion = 16.0.30011.22
MinimumVisualStudioVersion = 10.0.40219.1
Project("{9A19103F-16F7-4668-BE54-9A1E7A4F7556}") = "Ciemesus.Api", "Ciemesus.Api\Ciemesus.Api.csproj", "{450049DA-C53F-4BDD-A606-C247A007EC5C}"
EndProject
Project("{9A19103F-16F7-4668-BE54-9A1E7A4F7556}") = "Ciemesus.Core", "Ciemesus.Core\Ciemesus.Core.csproj", "{F6DE0C01-4624-4A62-A2CE-237ECD5D8F60}"
EndProject
Project("{00D1A9C2-B5F0-4AF3-8072-F6C62B433612}") = "Ciemesus.Database", "Ciemesus.Database\Ciemesus.Database.sqlproj", "{FC6C66C3-F503-4A6C-A055-81AA125896A8}"
EndProject
Global
	GlobalSection(SolutionConfigurationPlatforms) = preSolution
		Debug|Any CPU = Debug|Any CPU
		Release|Any CPU = Release|Any CPU
	EndGlobalSection
	GlobalSection(ProjectConfigurationPlatforms) = postSolution
		{450049DA-C53F-4BDD-A606-C247A007EC5C}.Debug|Any CPU.ActiveCfg = Debug|Any CPU
		{450049DA-C53F-4BDD-A606-C247A007EC5C}.Debug|Any CPU.Build.0 = Debug|Any CPU
		{450049DA-C53F-4BDD-A606-C247A007EC5C}.Release|Any CPU.ActiveCfg = Release|Any CPU
		{450049DA-C53F-4BDD-A606-C247A007EC5C}.Release|Any CPU.Build.0 = Release|Any CPU
		{F6DE0C01-4624-4A62-A2CE-237ECD5D8F60}.Debug|Any CPU.ActiveCfg = Debug|Any CPU
		{F6DE0C01-4624-4A62-A2CE-237ECD5D8F60}.Debug|Any CPU.Build.0 = Debug|Any CPU
		{F6DE0C01-4624-4A62-A2CE-237ECD5D8F60}.Release|Any CPU.ActiveCfg = Release|Any CPU
		{F6DE0C01-4624-4A62-A2CE-237ECD5D8F60}.Release|Any CPU.Build.0 = Release|Any CPU
		{FC6C66C3-F503-4A6C-A055-81AA125896A8}.Debug|Any CPU.ActiveCfg = Debug|Any CPU
		{FC6C66C3-F503-4A6C-A055-81AA125896A8}.Debug|Any CPU.Build.0 = Debug|Any CPU
		{FC6C66C3-F503-4A6C-A055-81AA125896A8}.Debug|Any CPU.Deploy.0 = Debug|Any CPU
		{FC6C66C3-F503-4A6C-A055-81AA125896A8}.Release|Any CPU.ActiveCfg = Release|Any CPU
		{FC6C66C3-F503-4A6C-A055-81AA125896A8}.Release|Any CPU.Build.0 = Release|Any CPU
		{FC6C66C3-F503-4A6C-A055-81AA125896A8}.Release|Any CPU.Deploy.0 = Release|Any CPU
	EndGlobalSection
	GlobalSection(SolutionProperties) = preSolution
		HideSolutionNode = FALSE
	EndGlobalSection
	GlobalSection(ExtensibilityGlobals) = postSolution
		SolutionGuid = {1AF45691-0A6F-4875-8697-86FF63171384}
	EndGlobalSection
EndGlobal
